
Microsoft Visual Studio Solution File, Format Version 12.00
# Visual Studio Version 17
VisualStudioVersion = 17.7.34009.444
MinimumVisualStudioVersion = 10.0.40219.1
Project("{8BC9CEB8-8B4A-11D0-8D11-00A0C91BC942}") = "Server", "Server\Server.vcxproj", "{7E983C51-11D1-4ED2-99AC-81962877600E}"
EndProject
Project("{8BC9CEB8-8B4A-11D0-8D11-00A0C91BC942}") = "TCP_Server", "TCP_Server\TCP_Server.vcxproj", "{625A7D9A-898F-451E-82C7-EE6B88C947D8}"
EndProject
Project("{8BC9CEB8-8B4A-11D0-8D11-00A0C91BC942}") = "UDP_Server", "UDP_Server\UDP_Server.vcxproj", "{39B356D5-2DAC-4739-A84B-DF779A64811F}"
EndProject
Global
	GlobalSection(SolutionConfigurationPlatforms) = preSolution
		Debug|x64 = Debug|x64
		Debug|x86 = Debug|x86
		Release|x64 = Release|x64
		Release|x86 = Release|x86
	EndGlobalSection
	GlobalSection(ProjectConfigurationPlatforms) = postSolution
		{7E983C51-11D1-4ED2-99AC-81962877600E}.Debug|x64.ActiveCfg = Debug|x64
		{7E983C51-11D1-4ED2-99AC-81962877600E}.Debug|x64.Build.0 = Debug|x64
		{7E983C51-11D1-4ED2-99AC-81962877600E}.Debug|x86.ActiveCfg = Debug|Win32
		{7E983C51-11D1-4ED2-99AC-81962877600E}.Debug|x86.Build.0 = Debug|Win32
		{7E983C51-11D1-4ED2-99AC-81962877600E}.Release|x64.ActiveCfg = Release|x64
		{7E983C51-11D1-4ED2-99AC-81962877600E}.Release|x64.Build.0 = Release|x64
		{7E983C51-11D1-4ED2-99AC-81962877600E}.Release|x86.ActiveCfg = Release|Win32
		{7E983C51-11D1-4ED2-99AC-81962877600E}.Release|x86.Build.0 = Release|Win32
		{625A7D9A-898F-451E-82C7-EE6B88C947D8}.Debug|x64.ActiveCfg = Debug|x64
		{625A7D9A-898F-451E-82C7-EE6B88C947D8}.Debug|x64.Build.0 = Debug|x64
		{625A7D9A-898F-451E-82C7-EE6B88C947D8}.Debug|x86.ActiveCfg = Debug|Win32
		{625A7D9A-898F-451E-82C7-EE6B88C947D8}.Debug|x86.Build.0 = Debug|Win32
		{625A7D9A-898F-451E-82C7-EE6B88C947D8}.Release|x64.ActiveCfg = Release|x64
		{625A7D9A-898F-451E-82C7-EE6B88C947D8}.Release|x64.Build.0 = Release|x64
		{625A7D9A-898F-451E-82C7-EE6B88C947D8}.Release|x86.ActiveCfg = Release|Win32
		{625A7D9A-898F-451E-82C7-EE6B88C947D8}.Release|x86.Build.0 = Release|Win32
		{39B356D5-2DAC-4739-A84B-DF779A64811F}.Debug|x64.ActiveCfg = Debug|x64
		{39B356D5-2DAC-4739-A84B-DF779A64811F}.Debug|x64.Build.0 = Debug|x64
		{39B356D5-2DAC-4739-A84B-DF779A64811F}.Debug|x86.ActiveCfg = Debug|Win32
		{39B356D5-2DAC-4739-A84B-DF779A64811F}.Debug|x86.Build.0 = Debug|Win32
		{39B356D5-2DAC-4739-A84B-DF779A64811F}.Release|x64.ActiveCfg = Release|x64
		{39B356D5-2DAC-4739-A84B-DF779A64811F}.Release|x64.Build.0 = Release|x64
		{39B356D5-2DAC-4739-A84B-DF779A64811F}.Release|x86.ActiveCfg = Release|Win32
		{39B356D5-2DAC-4739-A84B-DF779A64811F}.Release|x86.Build.0 = Release|Win32
	EndGlobalSection
	GlobalSection(SolutionProperties) = preSolution
		HideSolutionNode = FALSE
	EndGlobalSection
	GlobalSection(ExtensibilityGlobals) = postSolution
		SolutionGuid = {EC08FFAD-2B5C-49DE-8394-DEEFF32CF638}
	EndGlobalSection
EndGlobal
